lockfileVersion: '9.0'

settings:
  autoInstallPeers: true
  excludeLinksFromLockfile: false

importers:

  .:
    dependencies:
      comander:
        specifier: 0.0.1-security
        version: 0.0.1-security

packages:

  comander@0.0.1-security:
    resolution: {integrity: sha512-cxCGvHkaEtEsBsKjz8XrAiaOIkecgmMvhetsaxQYt35e8MEW4ATPevJTrzOrpAd1NyWmgIpLrwPLhQoHvnj89w==}

snapshots:

  comander@0.0.1-security: {}
